// !$*UTF8*$!
{
	archiveVersion = 1;
	classes = {
	};
	objectVersion = 55;
	objects = {

/* Begin PBXBuildFile section */
		FF54F5352840E977000722E7 /* AppDelegate.swift in Sources */ = {isa = PBXBuildFile; fileRef = FF54F5342840E977000722E7 /* AppDelegate.swift */; };
		FF54F5372840E977000722E7 /* SceneDelegate.swift in Sources */ = {isa = PBXBuildFile; fileRef = FF54F5362840E977000722E7 /* SceneDelegate.swift */; };
		FF54F5392840E977000722E7 /* ViewController.swift in Sources */ = {isa = PBXBuildFile; fileRef = FF54F5382840E977000722E7 /* ViewController.swift */; };
		FF54F53C2840E977000722E7 /* Main.storyboard in Resources */ = {isa = PBXBuildFile; fileRef = FF54F53A2840E977000722E7 /* Main.storyboard */; };
		FF54F53E2840E978000722E7 /* Assets.xcassets in Resources */ = {isa = PBXBuildFile; fileRef = FF54F53D2840E978000722E7 /* Assets.xcassets */; };
		FF54F5412840E978000722E7 /* LaunchScreen.storyboard in Resources */ = {isa = PBXBuildFile; fileRef = FF54F53F2840E978000722E7 /* LaunchScreen.storyboard */; };
		FF54F54C2840E978000722E7 /* gitetsTests.swift in Sources */ = {isa = PBXBuildFile; fileRef = FF54F54B2840E978000722E7 /* gitetsTests.swift */; };
		FF54F5562840E978000722E7 /* gitetsUITests.swift in Sources */ = {isa = PBXBuildFile; fileRef = FF54F5552840E978000722E7 /* gitetsUITests.swift */; };
		FF54F5582840E978000722E7 /* gitetsUITestsLaunchTests.swift in Sources */ = {isa = PBXBuildFile; fileRef = FF54F5572840E978000722E7 /* gitetsUITestsLaunchTests.swift */; };
/* End PBXBuildFile section */

/* Begin PBXContainerItemProxy section */
		FF54F5482840E978000722E7 /* PBXContainerItemProxy */ = {
			isa = PBXContainerItemProxy;
			containerPortal = FF54F5292840E977000722E7 /* Project object */;
			proxyType = 1;
			remoteGlobalIDString = FF54F5302840E977000722E7;
			remoteInfo = gitets;
		};
		FF54F5522840E978000722E7 /* PBXContainerItemProxy */ = {
			isa = PBXContainerItemProxy;
			containerPortal = FF54F5292840E977000722E7 /* Project object */;
			proxyType = 1;
			remoteGlobalIDString = FF54F5302840E977000722E7;
			remoteInfo = gitets;
		};
/* End PBXContainerItemProxy section */

/* Begin PBXFileReference section */
		FF54F5312840E977000722E7 /* gitets.app */ = {isa = PBXFileReference; explicitFileType = wrapper.application; includeInIndex = 0; path = gitets.app; sourceTree = BUILT_PRODUCTS_DIR; };
		FF54F5342840E977000722E7 /* AppDelegate.swift */ = {isa = PBXFileReference; lastKnownFileType = sourcecode.swift; path = AppDelegate.swift; sourceTree = "<group>"; };
		FF54F5362840E977000722E7 /* SceneDelegate.swift */ = {isa = PBXFileReference; lastKnownFileType = sourcecode.swift; path = SceneDelegate.swift; sourceTree = "<group>"; };
		FF54F5382840E977000722E7 /* ViewController.swift */ = {isa = PBXFileReference; lastKnownFileType = sourcecode.swift; path = ViewController.swift; sourceTree = "<group>"; };
		FF54F53B2840E977000722E7 /* Base */ = {isa = PBXFileReference; lastKnownFileType = file.storyboard; name = Base; path = Base.lproj/Main.storyboard; sourceTree = "<group>"; };
		FF54F53D2840E978000722E7 /* Assets.xcassets */ = {isa = PBXFileReference; lastKnownFileType = folder.assetcatalog; path = Assets.xcassets; sourceTree = "<group>"; };
		FF54F5402840E978000722E7 /* Base */ = {isa = PBXFileReference; lastKnownFileType = file.storyboard; name = Base; path = Base.lproj/LaunchScreen.storyboard; sourceTree = "<group>"; };
		FF54F5422840E978000722E7 /* Info.plist */ = {isa = PBXFileReference; lastKnownFileType = text.plist.xml; path = Info.plist; sourceTree = "<group>"; };
		FF54F5472840E978000722E7 /* gitetsTests.xctest */ = {isa = PBXFileReference; explicitFileType = wrapper.cfbundle; includeInIndex = 0; path = gitetsTests.xctest; sourceTree = BUILT_PRODUCTS_DIR; };
		FF54F54B2840E978000722E7 /* gitetsTests.swift */ = {isa = PBXFileReference; lastKnownFileType = sourcecode.swift; path = gitetsTests.swift; sourceTree = "<group>"; };
		FF54F5512840E978000722E7 /* gitetsUITests.xctest */ = {isa = PBXFileReference; explicitFileType = wrapper.cfbundle; includeInIndex = 0; path = gitetsUITests.xctest; sourceTree = BUILT_PRODUCTS_DIR; };
		FF54F5552840E978000722E7 /* gitetsUITests.swift */ = {isa = PBXFileReference; lastKnownFileType = sourcecode.swift; path = gitetsUITests.swift; sourceTree = "<group>"; };
		FF54F5572840E978000722E7 /* gitetsUITestsLaunchTests.swift */ = {isa = PBXFileReference; lastKnownFileType = sourcecode.swift; path = gitetsUITestsLaunchTests.swift; sourceTree = "<group>"; };
/* End PBXFileReference section */

/* Begin PBXFrameworksBuildPhase section */
		FF54F52E2840E977000722E7 /* Frameworks */ = {
			isa = PBXFrameworksBuildPhase;
			buildActionMask = 2147483647;
			files = (
			);
			runOnlyForDeploymentPostprocessing = 0;
		};
		FF54F5442840E978000722E7 /* Frameworks */ = {
			isa = PBXFrameworksBuildPhase;
			buildActionMask = 2147483647;
			files = (
			);
			runOnlyForDeploymentPostprocessing = 0;
		};
		FF54F54E2840E978000722E7 /* Frameworks */ = {
			isa = PBXFrameworksBuildPhase;
			buildActionMask = 2147483647;
			files = (
			);
			runOnlyForDeploymentPostprocessing = 0;
		};
/* End PBXFrameworksBuildPhase section */

/* Begin PBXGroup section */
		FF54F5282840E977000722E7 = {
			isa = PBXGroup;
			children = (
				FF54F5332840E977000722E7 /* gitets */,
				FF54F54A2840E978000722E7 /* gitetsTests */,
				FF54F5542840E978000722E7 /* gitetsUITests */,
				FF54F5322840E977000722E7 /* Products */,
			);
			sourceTree = "<group>";
		};
		FF54F5322840E977000722E7 /* Products */ = {
			isa = PBXGroup;
			children = (
				FF54F5312840E977000722E7 /* gitets.app */,
				FF54F5472840E978000722E7 /* gitetsTests.xctest */,
				FF54F5512840E978000722E7 /* gitetsUITests.xctest */,
			);
			name = Products;
			sourceTree = "<group>";
		};
		FF54F5332840E977000722E7 /* gitets */ = {
			isa = PBXGroup;
			children = (
				FF54F5342840E977000722E7 /* AppDelegate.swift */,
				FF54F5362840E977000722E7 /* SceneDelegate.swift */,
				FF54F5382840E977000722E7 /* ViewController.swift */,
				FF54F53A2840E977000722E7 /* Main.storyboard */,
				FF54F53D2840E978000722E7 /* Assets.xcassets */,
				FF54F53F2840E978000722E7 /* LaunchScreen.storyboard */,
				FF54F5422840E978000722E7 /* Info.plist */,
			);
			path = gitets;
			sourceTree = "<group>";
		};
		FF54F54A2840E978000722E7 /* gitetsTests */ = {
			isa = PBXGroup;
			children = (
				FF54F54B2840E978000722E7 /* gitetsTests.swift */,
			);
			path = gitetsTests;
			sourceTree = "<group>";
		};
		FF54F5542840E978000722E7 /* gitetsUITests */ = {
			isa = PBXGroup;
			children = (
				FF54F5552840E978000722E7 /* gitetsUITests.swift */,
				FF54F5572840E978000722E7 /* gitetsUITestsLaunchTests.swift */,
			);
			path = gitetsUITests;
			sourceTree = "<group>";
		};
/* End PBXGroup section */

/* Begin PBXNativeTarget section */
		FF54F5302840E977000722E7 /* gitets */ = {
			isa = PBXNativeTarget;
			buildConfigurationList = FF54F55B2840E978000722E7 /* Build configuration list for PBXNativeTarget "gitets" */;
			buildPhases = (
				FF54F52D2840E977000722E7 /* Sources */,
				FF54F52E2840E977000722E7 /* Frameworks */,
				FF54F52F2840E977000722E7 /* Resources */,
			);
			buildRules = (
			);
			dependencies = (
			);
			name = gitets;
			productName = gitets;
			productReference = FF54F5312840E977000722E7 /* gitets.app */;
			productType = "com.apple.product-type.application";
		};
		FF54F5462840E978000722E7 /* gitetsTests */ = {
			isa = PBXNativeTarget;
			buildConfigurationList = FF54F55E2840E978000722E7 /* Build configuration list for PBXNativeTarget "gitetsTests" */;
			buildPhases = (
				FF54F5432840E978000722E7 /* Sources */,
				FF54F5442840E978000722E7 /* Frameworks */,
				FF54F5452840E978000722E7 /* Resources */,
			);
			buildRules = (
			);
			dependencies = (
				FF54F5492840E978000722E7 /* PBXTargetDependency */,
			);
			name = gitetsTests;
			productName = gitetsTests;
			productReference = FF54F5472840E978000722E7 /* gitetsTests.xctest */;
			productType = "com.apple.product-type.bundle.unit-test";
		};
		FF54F5502840E978000722E7 /* gitetsUITests */ = {
			isa = PBXNativeTarget;
			buildConfigurationList = FF54F5612840E978000722E7 /* Build configuration list for PBXNativeTarget "gitetsUITests" */;
			buildPhases = (
				FF54F54D2840E978000722E7 /* Sources */,
				FF54F54E2840E978000722E7 /* Frameworks */,
				FF54F54F2840E978000722E7 /* Resources */,
			);
			buildRules = (
			);
			dependencies = (
				FF54F5532840E978000722E7 /* PBXTargetDependency */,
			);
			name = gitetsUITests;
			productName = gitetsUITests;
			productReference = FF54F5512840E978000722E7 /* gitetsUITests.xctest */;
			productType = "com.apple.product-type.bundle.ui-testing";
		};
/* End PBXNativeTarget section */

/* Begin PBXProject section */
		FF54F5292840E977000722E7 /* Project object */ = {
			isa = PBXProject;
			attributes = {
				BuildIndependentTargetsInParallel = 1;
				LastSwiftUpdateCheck = 1330;
				LastUpgradeCheck = 1330;
				TargetAttributes = {
					FF54F5302840E977000722E7 = {
						CreatedOnToolsVersion = 13.3.1;
					};
					FF54F5462840E978000722E7 = {
						CreatedOnToolsVersion = 13.3.1;
						TestTargetID = FF54F5302840E977000722E7;
					};
					FF54F5502840E978000722E7 = {
						CreatedOnToolsVersion = 13.3.1;
						TestTargetID = FF54F5302840E977000722E7;
					};
				};
			};
			buildConfigurationList = FF54F52C2840E977000722E7 /* Build configuration list for PBXProject "gitets" */;
			compatibilityVersion = "Xcode 13.0";
			developmentRegion = en;
			hasScannedForEncodings = 0;
			knownRegions = (
				en,
				Base,
			);
			mainGroup = FF54F5282840E977000722E7;
			productRefGroup = FF54F5322840E977000722E7 /* Products */;
			projectDirPath = "";
			projectRoot = "";
			targets = (
				FF54F5302840E977000722E7 /* gitets */,
				FF54F5462840E978000722E7 /* gitetsTests */,
				FF54F5502840E978000722E7 /* gitetsUITests */,
			);
		};
/* End PBXProject section */

/* Begin PBXResourcesBuildPhase section */
		FF54F52F2840E977000722E7 /* Resources */ = {
			isa = PBXResourcesBuildPhase;
			buildActionMask = 2147483647;
			files = (
				FF54F5412840E978000722E7 /* LaunchScreen.storyboard in Resources */,
				FF54F53E2840E978000722E7 /* Assets.xcassets in Resources */,
				FF54F53C2840E977000722E7 /* Main.storyboard in Resources */,
			);
			runOnlyForDeploymentPostprocessing = 0;
		};
		FF54F5452840E978000722E7 /* Resources */ = {
			isa = PBXResourcesBuildPhase;
			buildActionMask = 2147483647;
			files = (
			);
			runOnlyForDeploymentPostprocessing = 0;
		};
		FF54F54F2840E978000722E7 /* Resources */ = {
			isa = PBXResourcesBuildPhase;
			buildActionMask = 2147483647;
			files = (
			);
			runOnlyForDeploymentPostprocessing = 0;
		};
/* End PBXResourcesBuildPhase section */

/* Begin PBXSourcesBuildPhase section */
		FF54F52D2840E977000722E7 /* Sources */ = {
			isa = PBXSourcesBuildPhase;
			buildActionMask = 2147483647;
			files = (
				FF54F5392840E977000722E7 /* ViewController.swift in Sources */,
				FF54F5352840E977000722E7 /* AppDelegate.swift in Sources */,
				FF54F5372840E977000722E7 /* SceneDelegate.swift in Sources */,
			);
			runOnlyForDeploymentPostprocessing = 0;
		};
		FF54F5432840E978000722E7 /* Sources */ = {
			isa = PBXSourcesBuildPhase;
			buildActionMask = 2147483647;
			files = (
				FF54F54C2840E978000722E7 /* gitetsTests.swift in Sources */,
			);
			runOnlyForDeploymentPostprocessing = 0;
		};
		FF54F54D2840E978000722E7 /* Sources */ = {
			isa = PBXSourcesBuildPhase;
			buildActionMask = 2147483647;
			files = (
				FF54F5582840E978000722E7 /* gitetsUITestsLaunchTests.swift in Sources */,
				FF54F5562840E978000722E7 /* gitetsUITests.swift in Sources */,
			);
			runOnlyForDeploymentPostprocessing = 0;
		};
/* End PBXSourcesBuildPhase section */

/* Begin PBXTargetDependency section */
		FF54F5492840E978000722E7 /* PBXTargetDependency */ = {
			isa = PBXTargetDependency;
			target = FF54F5302840E977000722E7 /* gitets */;
			targetProxy = FF54F5482840E978000722E7 /* PBXContainerItemProxy */;
		};
		FF54F5532840E978000722E7 /* PBXTargetDependency */ = {
			isa = PBXTargetDependency;
			target = FF54F5302840E977000722E7 /* gitets */;
			targetProxy = FF54F5522840E978000722E7 /* PBXContainerItemProxy */;
		};
/* End PBXTargetDependency section */

/* Begin PBXVariantGroup section */
		FF54F53A2840E977000722E7 /* Main.storyboard */ = {
			isa = PBXVariantGroup;
			children = (
				FF54F53B2840E977000722E7 /* Base */,
			);
			name = Main.storyboard;
			sourceTree = "<group>";
		};
		FF54F53F2840E978000722E7 /* LaunchScreen.storyboard */ = {
			isa = PBXVariantGroup;
			children = (
				FF54F5402840E978000722E7 /* Base */,
			);
			name = LaunchScreen.storyboard;
			sourceTree = "<group>";
		};
/* End PBXVariantGroup section */

/* Begin XCBuildConfiguration section */
		FF54F5592840E978000722E7 /* Debug */ = {
			isa = XCBuildConfiguration;
			buildSettings = {
				ALWAYS_SEARCH_USER_PATHS = NO;
				CLANG_ANALYZER_NONNULL = YES;
				CLANG_ANALYZER_NUMBER_OBJECT_CONVERSION = YES_AGGRESSIVE;
				CLANG_CXX_LANGUAGE_STANDARD = "gnu++17";
				CLANG_ENABLE_MODULES = YES;
				CLANG_ENABLE_OBJC_ARC = YES;
				CLANG_ENABLE_OBJC_WEAK = YES;
				CLANG_WARN_BLOCK_CAPTURE_AUTORELEASING = YES;
				CLANG_WARN_BOOL_CONVERSION = YES;
				CLANG_WARN_COMMA = YES;
				CLANG_WARN_CONSTANT_CONVERSION = YES;
				CLANG_WARN_DEPRECATED_OBJC_IMPLEMENTATIONS = YES;
				CLANG_WARN_DIRECT_OBJC_ISA_USAGE = YES_ERROR;
				CLANG_WARN_DOCUMENTATION_COMMENTS = YES;
				CLANG_WARN_EMPTY_BODY = YES;
				CLANG_WARN_ENUM_CONVERSION = YES;
				CLANG_WARN_INFINITE_RECURSION = YES;
				CLANG_WARN_INT_CONVERSION = YES;
				CLANG_WARN_NON_LITERAL_NULL_CONVERSION = YES;
				CLANG_WARN_OBJC_IMPLICIT_RETAIN_SELF = YES;
				CLANG_WARN_OBJC_LITERAL_CONVERSION = YES;
				CLANG_WARN_OBJC_ROOT_CLASS = YES_ERROR;
				CLANG_WARN_QUOTED_INCLUDE_IN_FRAMEWORK_HEADER = YES;
				CLANG_WARN_RANGE_LOOP_ANALYSIS = YES;
				CLANG_WARN_STRICT_PROTOTYPES = YES;
				CLANG_WARN_SUSPICIOUS_MOVE = YES;
				CLANG_WARN_UNGUARDED_AVAILABILITY = YES_AGGRESSIVE;
				CLANG_WARN_UNREACHABLE_CODE = YES;
				CLANG_WARN__DUPLICATE_METHOD_MATCH = YES;
				COPY_PHASE_STRIP = NO;
				DEBUG_INFORMATION_FORMAT = dwarf;
				ENABLE_STRICT_OBJC_MSGSEND = YES;
				ENABLE_TESTABILITY = YES;
				GCC_C_LANGUAGE_STANDARD = gnu11;
				GCC_DYNAMIC_NO_PIC = NO;
				GCC_NO_COMMON_BLOCKS = YES;
				GCC_OPTIMIZATION_LEVEL = 0;
				GCC_PREPROCESSOR_DEFINITIONS = (
					"DEBUG=1",
					"$(inherited)",
				);
				GCC_WARN_64_TO_32_BIT_CONVERSION = YES;
				GCC_WARN_ABOUT_RETURN_TYPE = YES_ERROR;
				GCC_WARN_UNDECLARED_SELECTOR = YES;
				GCC_WARN_UNINITIALIZED_AUTOS = YES_AGGRESSIVE;
				GCC_WARN_UNUSED_FUNCTION = YES;
				GCC_WARN_UNUSED_VARIABLE = YES;
				IPHONEOS_DEPLOYMENT_TARGET = 15.4;
				MTL_ENABLE_DEBUG_INFO = INCLUDE_SOURCE;
				MTL_FAST_MATH = YES;
				ONLY_ACTIVE_ARCH = YES;
				SDKROOT = iphoneos;
				SWIFT_ACTIVE_COMPILATION_CONDITIONS = DEBUG;
				SWIFT_OPTIMIZATION_LEVEL = "-Onone";
			};
			name = Debug;
		};
		FF54F55A2840E978000722E7 /* Release */ = {
			isa = XCBuildConfiguration;
			buildSettings = {
				ALWAYS_SEARCH_USER_PATHS = NO;
				CLANG_ANALYZER_NONNULL = YES;
				CLANG_ANALYZER_NUMBER_OBJECT_CONVERSION = YES_AGGRESSIVE;
				CLANG_CXX_LANGUAGE_STANDARD = "gnu++17";
				CLANG_ENABLE_MODULES = YES;
				CLANG_ENABLE_OBJC_ARC = YES;
				CLANG_ENABLE_OBJC_WEAK = YES;
				CLANG_WARN_BLOCK_CAPTURE_AUTORELEASING = YES;
				CLANG_WARN_BOOL_CONVERSION = YES;
				CLANG_WARN_COMMA = YES;
				CLANG_WARN_CONSTANT_CONVERSION = YES;
				CLANG_WARN_DEPRECATED_OBJC_IMPLEMENTATIONS = YES;
				CLANG_WARN_DIRECT_OBJC_ISA_USAGE = YES_ERROR;
				CLANG_WARN_DOCUMENTATION_COMMENTS = YES;
				CLANG_WARN_EMPTY_BODY = YES;
				CLANG_WARN_ENUM_CONVERSION = YES;
				CLANG_WARN_INFINITE_RECURSION = YES;
				CLANG_WARN_INT_CONVERSION = YES;
				CLANG_WARN_NON_LITERAL_NULL_CONVERSION = YES;
				CLANG_WARN_OBJC_IMPLICIT_RETAIN_SELF = YES;
				CLANG_WARN_OBJC_LITERAL_CONVERSION = YES;
				CLANG_WARN_OBJC_ROOT_CLASS = YES_ERROR;
				CLANG_WARN_QUOTED_INCLUDE_IN_FRAMEWORK_HEADER = YES;
				CLANG_WARN_RANGE_LOOP_ANALYSIS = YES;
				CLANG_WARN_STRICT_PROTOTYPES = YES;
				CLANG_WARN_SUSPICIOUS_MOVE = YES;
				CLANG_WARN_UNGUARDED_AVAILABILITY = YES_AGGRESSIVE;
				CLANG_WARN_UNREACHABLE_CODE = YES;
				CLANG_WARN__DUPLICATE_METHOD_MATCH = YES;
				COPY_PHASE_STRIP = NO;
				DEBUG_INFORMATION_FORMAT = "dwarf-with-dsym";
				ENABLE_NS_ASSERTIONS = NO;
				ENABLE_STRICT_OBJC_MSGSEND = YES;
				GCC_C_LANGUAGE_STANDARD = gnu11;
				GCC_NO_COMMON_BLOCKS = YES;
				GCC_WARN_64_TO_32_BIT_CONVERSION = YES;
				GCC_WARN_ABOUT_RETURN_TYPE = YES_ERROR;
				GCC_WARN_UNDECLARED_SELECTOR = YES;
				GCC_WARN_UNINITIALIZED_AUTOS = YES_AGGRESSIVE;
				GCC_WARN_UNUSED_FUNCTION = YES;
				GCC_WARN_UNUSED_VARIABLE = YES;
				IPHONEOS_DEPLOYMENT_TARGET = 15.4;
				MTL_ENABLE_DEBUG_INFO = NO;
				MTL_FAST_MATH = YES;
				SDKROOT = iphoneos;
				SWIFT_COMPILATION_MODE = wholemodule;
				SWIFT_OPTIMIZATION_LEVEL = "-O";
				VALIDATE_PRODUCT = YES;
			};
			name = Release;
		};
		FF54F55C2840E978000722E7 /* Debug */ = {
			isa = XCBuildConfiguration;
			buildSettings = {
				ASSETCATALOG_COMPILER_APPICON_NAME = AppIcon;
				ASSETCATALOG_COMPILER_GLOBAL_ACCENT_COLOR_NAME = AccentColor;
				CODE_SIGN_STYLE = Automatic;
				CURRENT_PROJECT_VERSION = 1;
				GENERATE_INFOPLIST_FILE = YES;
				INFOPLIST_FILE = gitets/Info.plist;
				INFOPLIST_KEY_UIApplicationSupportsIndirectInputEvents = YES;
				INFOPLIST_KEY_UILaunchStoryboardName = LaunchScreen;
				INFOPLIST_KEY_UIMainStoryboardFile = Main;
				INFOPLIST_KEY_UISupportedInterfaceOrientations_iPad = "UIInterfaceOrientationPortrait UIInterfaceOrientationPortraitUpsideDown UIInterfaceOrientationLandscapeLeft UIInterfaceOrientationLandscapeRight";
				INFOPLIST_KEY_UISupportedInterfaceOrientations_iPhone = "UIInterfaceOrientationPortrait UIInterfaceOrientationLandscapeLeft UIInterfaceOrientationLandscapeRight";
				LD_RUNPATH_SEARCH_PATHS = (
					"$(inherited)",
					"@executable_path/Frameworks",
				);
				MARKETING_VERSION = 1.0;
				PRODUCT_BUNDLE_IDENTIFIER = com.batuhan.gitets;
				PRODUCT_NAME = "$(TARGET_NAME)";
				SWIFT_EMIT_LOC_STRINGS = YES;
				SWIFT_VERSION = 5.0;
				TARGETED_DEVICE_FAMILY = "1,2";
			};
			name = Debug;
		};
		FF54F55D2840E978000722E7 /* Release */ = {
			isa = XCBuildConfiguration;
			buildSettings = {
				ASSETCATALOG_COMPILER_APPICON_NAME = AppIcon;
				ASSETCATALOG_COMPILER_GLOBAL_ACCENT_COLOR_NAME = AccentColor;
				CODE_SIGN_STYLE = Automatic;
				CURRENT_PROJECT_VERSION = 1;
				GENERATE_INFOPLIST_FILE = YES;
				INFOPLIST_FILE = gitets/Info.plist;
				INFOPLIST_KEY_UIApplicationSupportsIndirectInputEvents = YES;
				INFOPLIST_KEY_UILaunchStoryboardName = LaunchScreen;
				INFOPLIST_KEY_UIMainStoryboardFile = Main;
				INFOPLIST_KEY_UISupportedInterfaceOrientations_iPad = "UIInterfaceOrientationPortrait UIInterfaceOrientationPortraitUpsideDown UIInterfaceOrientationLandscapeLeft UIInterfaceOrientationLandscapeRight";
				INFOPLIST_KEY_UISupportedInterfaceOrientations_iPhone = "UIInterfaceOrientationPortrait UIInterfaceOrientationLandscapeLeft UIInterfaceOrientationLandscapeRight";
				LD_RUNPATH_SEARCH_PATHS = (
					"$(inherited)",
					"@executable_path/Frameworks",
				);
				MARKETING_VERSION = 1.0;
				PRODUCT_BUNDLE_IDENTIFIER = com.batuhan.gitets;
				PRODUCT_NAME = "$(TARGET_NAME)";
				SWIFT_EMIT_LOC_STRINGS = YES;
				SWIFT_VERSION = 5.0;
				TARGETED_DEVICE_FAMILY = "1,2";
			};
			name = Release;
		};
		FF54F55F2840E978000722E7 /* Debug */ = {
			isa = XCBuildConfiguration;
			buildSettings = {
				ALWAYS_EMBED_SWIFT_STANDARD_LIBRARIES = YES;
				BUNDLE_LOADER = "$(TEST_HOST)";
				CODE_SIGN_STYLE = Automatic;
				CURRENT_PROJECT_VERSION = 1;
				GENERATE_INFOPLIST_FILE = YES;
				IPHONEOS_DEPLOYMENT_TARGET = 15.4;
				MARKETING_VERSION = 1.0;
				PRODUCT_BUNDLE_IDENTIFIER = com.batuhan.gitetsTests;
				PRODUCT_NAME = "$(TARGET_NAME)";
				SWIFT_EMIT_LOC_STRINGS = NO;
				SWIFT_VERSION = 5.0;
				TARGETED_DEVICE_FAMILY = "1,2";
				TEST_HOST = "$(BUILT_PRODUCTS_DIR)/gitets.app/gitets";
			};
			name = Debug;
		};
		FF54F5602840E978000722E7 /* Release */ = {
			isa = XCBuildConfiguration;
			buildSettings = {
				ALWAYS_EMBED_SWIFT_STANDARD_LIBRARIES = YES;
				BUNDLE_LOADER = "$(TEST_HOST)";
				CODE_SIGN_STYLE = Automatic;
				CURRENT_PROJECT_VERSION = 1;
				GENERATE_INFOPLIST_FILE = YES;
				IPHONEOS_DEPLOYMENT_TARGET = 15.4;
				MARKETING_VERSION = 1.0;
				PRODUCT_BUNDLE_IDENTIFIER = com.batuhan.gitetsTests;
				PRODUCT_NAME = "$(TARGET_NAME)";
				SWIFT_EMIT_LOC_STRINGS = NO;
				SWIFT_VERSION = 5.0;
				TARGETED_DEVICE_FAMILY = "1,2";
				TEST_HOST = "$(BUILT_PRODUCTS_DIR)/gitets.app/gitets";
			};
			name = Release;
		};
		FF54F5622840E978000722E7 /* Debug */ = {
			isa = XCBuildConfiguration;
			buildSettings = {
				ALWAYS_EMBED_SWIFT_STANDARD_LIBRARIES = YES;
				CODE_SIGN_STYLE = Automatic;
				CURRENT_PROJECT_VERSION = 1;
				GENERATE_INFOPLIST_FILE = YES;
				MARKETING_VERSION = 1.0;
				PRODUCT_BUNDLE_IDENTIFIER = com.batuhan.gitetsUITests;
				PRODUCT_NAME = "$(TARGET_NAME)";
				SWIFT_EMIT_LOC_STRINGS = NO;
				SWIFT_VERSION = 5.0;
				TARGETED_DEVICE_FAMILY = "1,2";
				TEST_TARGET_NAME = gitets;
			};
			name = Debug;
		};
		FF54F5632840E978000722E7 /* Release */ = {
			isa = XCBuildConfiguration;
			buildSettings = {
				ALWAYS_EMBED_SWIFT_STANDARD_LIBRARIES = YES;
				CODE_SIGN_STYLE = Automatic;
				CURRENT_PROJECT_VERSION = 1;
				GENERATE_INFOPLIST_FILE = YES;
				MARKETING_VERSION = 1.0;
				PRODUCT_BUNDLE_IDENTIFIER = com.batuhan.gitetsUITests;
				PRODUCT_NAME = "$(TARGET_NAME)";
				SWIFT_EMIT_LOC_STRINGS = NO;
				SWIFT_VERSION = 5.0;
				TARGETED_DEVICE_FAMILY = "1,2";
				TEST_TARGET_NAME = gitets;
			};
			name = Release;
		};
/* End XCBuildConfiguration section */

/* Begin XCConfigurationList section */
		FF54F52C2840E977000722E7 /* Build configuration list for PBXProject "gitets" */ = {
			isa = XCConfigurationList;
			buildConfigurations = (
				FF54F5592840E978000722E7 /* Debug */,
				FF54F55A2840E978000722E7 /* Release */,
			);
			defaultConfigurationIsVisible = 0;
			defaultConfigurationName = Release;
		};
		FF54F55B2840E978000722E7 /* Build configuration list for PBXNativeTarget "gitets" */ = {
			isa = XCConfigurationList;
			buildConfigurations = (
				FF54F55C2840E978000722E7 /* Debug */,
				FF54F55D2840E978000722E7 /* Release */,
			);
			defaultConfigurationIsVisible = 0;
			defaultConfigurationName = Release;
		};
		FF54F55E2840E978000722E7 /* Build configuration list for PBXNativeTarget "gitetsTests" */ = {
			isa = XCConfigurationList;
			buildConfigurations = (
				FF54F55F2840E978000722E7 /* Debug */,
				FF54F5602840E978000722E7 /* Release */,
			);
			defaultConfigurationIsVisible = 0;
			defaultConfigurationName = Release;
		};
		FF54F5612840E978000722E7 /* Build configuration list for PBXNativeTarget "gitetsUITests" */ = {
			isa = XCConfigurationList;
			buildConfigurations = (
				FF54F5622840E978000722E7 /* Debug */,
				FF54F5632840E978000722E7 /* Release */,
			);
			defaultConfigurationIsVisible = 0;
			defaultConfigurationName = Release;
		};
/* End XCConfigurationList section */
	};
	rootObject = FF54F5292840E977000722E7 /* Project object */;
}
